
Microsoft Visual Studio Solution File, Format Version 12.00
# Visual Studio 15
VisualStudioVersion = 15.0.28307.539
MinimumVisualStudioVersion = 10.0.40219.1
Project("{FAE04EC0-301F-11D3-BF4B-00C04F79EFBC}") = "IntroCSharp", "IntroCSharp\IntroCSharp.csproj", "{4E0A38C9-5CC0-4ABC-941F-19B73AB48EAB}"
EndProject
Global
	GlobalSection(SolutionConfigurationPlatforms) = preSolution
		Debug|Any CPU = Debug|Any CPU
		Release|Any CPU = Release|Any CPU
	EndGlobalSection
	GlobalSection(ProjectConfigurationPlatforms) = postSolution
		{4E0A38C9-5CC0-4ABC-941F-19B73AB48EAB}.Debug|Any CPU.ActiveCfg = Debug|Any CPU
		{4E0A38C9-5CC0-4ABC-941F-19B73AB48EAB}.Debug|Any CPU.Build.0 = Debug|Any CPU
		{4E0A38C9-5CC0-4ABC-941F-19B73AB48EAB}.Release|Any CPU.ActiveCfg = Release|Any CPU
		{4E0A38C9-5CC0-4ABC-941F-19B73AB48EAB}.Release|Any CPU.Build.0 = Release|Any CPU
	EndGlobalSection
	GlobalSection(SolutionProperties) = preSolution
		HideSolutionNode = FALSE
	EndGlobalSection
	GlobalSection(ExtensibilityGlobals) = postSolution
		SolutionGuid = {E79DB55E-47F4-4E87-99A7-8BBD273DD958}
	EndGlobalSection
EndGlobal
